{
  "name": "truffle-app",
  "version": "1.0.0",
  "lockfileVersion": 1,
  "requires": true,
  "dependencies": {
    "@openzeppelin/contracts": {
      "version": "3.0.0",
      "resolved": "https://registry.npmjs.org/@openzeppelin/contracts/-/contracts-3.0.0.tgz",
      "integrity": "sha512-u7oATjUK6jffDOoIjVQ7vJ2fnFKlfDS1CJzrMpp+YtGQ2fhdSk0kXjZTxk8Pj1SPVZRNES3yo0r144v8BsuRhQ=="
    },
    "bn.js": {
      "version": "4.12.0",
      "resolved": "https://registry.npmjs.org/bn.js/-/bn.js-4.12.0.tgz",
      "integrity": "sha512-c98Bf3tPniI+scsdk237ku1Dc3ujXQTSgyiPUDEOe7tRkhrqridvh8klBv0HCEso1OLOYcHuCv/cS6DNxKH+ZA=="
    },
    "keccak": {
      "version": "3.0.1",
      "resolved": "https://registry.npmjs.org/keccak/-/keccak-3.0.1.tgz",
      "integrity": "sha512-epq90L9jlFWCW7+pQa6JOnKn2Xgl2mtI664seYR6MHskvI9agt7AnDqmAlp9TqU4/caMYbA08Hi5DMZAl5zdkA==",
      "requires": {
        "node-addon-api": "^2.0.0",
        "node-gyp-build": "^4.2.0"
      }
    },
    "keccak256": {
      "version": "1.0.2",
      "resolved": "https://registry.npmjs.org/keccak256/-/keccak256-1.0.2.tgz",
      "integrity": "sha512-f2EncSgmHmmQOkgxZ+/f2VaWTNkFL6f39VIrpoX+p8cEXJVyyCs/3h9GNz/ViHgwchxvv7oG5mjT2Tk4ZqInag==",
      "requires": {
        "bn.js": "^4.11.8",
        "keccak": "^3.0.1"
      }
    },
    "node-addon-api": {
      "version": "2.0.2",
      "resolved": "https://registry.npmjs.org/node-addon-api/-/node-addon-api-2.0.2.tgz",
      "integrity": "sha512-Ntyt4AIXyaLIuMHF6IOoTakB3K+RWxwtsHNRxllEoA6vPwP9o4866g6YWDLUdnucilZhmkxiHwHr11gAENw+QA=="
    },
    "node-gyp-build": {
      "version": "4.2.3",
      "resolved": "https://registry.npmjs.org/node-gyp-build/-/node-gyp-build-4.2.3.tgz",
      "integrity": "sha512-MN6ZpzmfNCRM+3t57PTJHgHyw/h4OWnZ6mR8P5j/uZtqQr46RRuDE/P+g3n0YR/AiYXeWixZZzaip77gdICfRg=="
    }
  }
}
